
Microsoft Visual Studio Solution File, Format Version 12.00
# Visual Studio 15
VisualStudioVersion = 15.0.28307.779
MinimumVisualStudioVersion = 10.0.40219.1
Project("{FAE04EC0-301F-11D3-BF4B-00C04F79EFBC}") = "ProjeFiles", "ProjeFiles\ProjeFiles.csproj", "{1BABA0AE-3FC8-4D5B-B4F7-AEED7CB8616F}"
EndProject
Global
	GlobalSection(SolutionConfigurationPlatforms) = preSolution
		Debug|Any CPU = Debug|Any CPU
		Release|Any CPU = Release|Any CPU
	EndGlobalSection
	GlobalSection(ProjectConfigurationPlatforms) = postSolution
		{1BABA0AE-3FC8-4D5B-B4F7-AEED7CB8616F}.Debug|Any CPU.ActiveCfg = Debug|Any CPU
		{1BABA0AE-3FC8-4D5B-B4F7-AEED7CB8616F}.Debug|Any CPU.Build.0 = Debug|Any CPU
		{1BABA0AE-3FC8-4D5B-B4F7-AEED7CB8616F}.Release|Any CPU.ActiveCfg = Release|Any CPU
		{1BABA0AE-3FC8-4D5B-B4F7-AEED7CB8616F}.Release|Any CPU.Build.0 = Release|Any CPU
	EndGlobalSection
	GlobalSection(SolutionProperties) = preSolution
		HideSolutionNode = FALSE
	EndGlobalSection
	GlobalSection(ExtensibilityGlobals) = postSolution
		SolutionGuid = {A0E6658D-57B6-4B9E-BBC3-37E4FB84FE6A}
	EndGlobalSection
EndGlobal
